
Microsoft Visual Studio Solution File, Format Version 12.00
# Visual Studio Version 17
VisualStudioVersion = 17.5.002.0
MinimumVisualStudioVersion = 10.0.40219.1
Project("{9A19103F-16F7-4668-BE54-9A1E7A4F7556}") = "TP6_JJOO_Entenza_Jolodovsky_Kovadloff", "TP6_JJOO_Entenza_Jolodovsky_Kovadloff.csproj", "{816A2AAC-AFDF-47F5-B0A2-B74426CBDFBA}"
EndProject
Global
	GlobalSection(SolutionConfigurationPlatforms) = preSolution
		Debug|Any CPU = Debug|Any CPU
		Release|Any CPU = Release|Any CPU
	EndGlobalSection
	GlobalSection(ProjectConfigurationPlatforms) = postSolution
		{816A2AAC-AFDF-47F5-B0A2-B74426CBDFBA}.Debug|Any CPU.ActiveCfg = Debug|Any CPU
		{816A2AAC-AFDF-47F5-B0A2-B74426CBDFBA}.Debug|Any CPU.Build.0 = Debug|Any CPU
		{816A2AAC-AFDF-47F5-B0A2-B74426CBDFBA}.Release|Any CPU.ActiveCfg = Release|Any CPU
		{816A2AAC-AFDF-47F5-B0A2-B74426CBDFBA}.Release|Any CPU.Build.0 = Release|Any CPU
	EndGlobalSection
	GlobalSection(SolutionProperties) = preSolution
		HideSolutionNode = FALSE
	EndGlobalSection
	GlobalSection(ExtensibilityGlobals) = postSolution
		SolutionGuid = {3DBD598B-0B0B-438D-9E10-6424ACF5DA77}
	EndGlobalSection
EndGlobal
